
Microsoft Visual Studio Solution File, Format Version 12.00
# Visual Studio Version 17
VisualStudioVersion = 17.2.32505.173
MinimumVisualStudioVersion = 10.0.40219.1
Project("{9A19103F-16F7-4668-BE54-9A1E7A4F7556}") = "ReverseString", "ReverseString\ReverseString.csproj", "{6F81CADC-4CA6-4232-9239-7395FA1203C6}"
EndProject
Project("{9A19103F-16F7-4668-BE54-9A1E7A4F7556}") = "SimpleCalculator", "SimpleCalculator\SimpleCalculator.csproj", "{DDB8DE83-F4A9-493C-B51D-1D586A7C2160}"
EndProject
Project("{9A19103F-16F7-4668-BE54-9A1E7A4F7556}") = "MatchingBrackets", "MatchingBrackets\MatchingBrackets.csproj", "{89CD1D9D-24BD-4C18-A00B-B1F9C68DF078}"
EndProject
Project("{9A19103F-16F7-4668-BE54-9A1E7A4F7556}") = "MaxAndMinElement", "MaxAndMinElement\MaxAndMinElement.csproj", "{13F7BF8F-CB97-4BFB-8323-FC306EAEA573}"
EndProject
Project("{9A19103F-16F7-4668-BE54-9A1E7A4F7556}") = "HotPotatoQueue", "HotPotatoQueue\HotPotatoQueue.csproj", "{8379C166-6A2D-4391-9471-32603206F72B}"
EndProject
Project("{9A19103F-16F7-4668-BE54-9A1E7A4F7556}") = "BalancedParenthesis", "BalancedParenthesis\BalancedParenthesis.csproj", "{00DBAB41-44F6-40CC-ABD6-0ACD774B1B28}"
EndProject
Project("{9A19103F-16F7-4668-BE54-9A1E7A4F7556}") = "BasicQueueOperations", "BasicQueueOperations\BasicQueueOperations.csproj", "{40429DA8-2167-402A-9B86-CC7B5D92C895}"
EndProject
Project("{9A19103F-16F7-4668-BE54-9A1E7A4F7556}") = "BasicStackOperations", "BasicStackOperations\BasicStackOperations.csproj", "{EF390BC6-ADDF-452D-9645-F0371546C81D}"
EndProject
Project("{9A19103F-16F7-4668-BE54-9A1E7A4F7556}") = "Fast food", "Fast food\Fast food.csproj", "{E9D8A17B-A6D7-43C4-AA52-AECA454DBB2D}"
EndProject
Project("{9A19103F-16F7-4668-BE54-9A1E7A4F7556}") = "SimpleTextEditor", "SimpleTextEditor\SimpleTextEditor.csproj", "{4AE37877-0166-4047-9292-3F3981DBC79E}"
EndProject
Project("{9A19103F-16F7-4668-BE54-9A1E7A4F7556}") = "Songs Queue", "Songs Queue\Songs Queue.csproj", "{E3F75247-CF78-41EF-8821-A0EA541ACF78}"
EndProject
Project("{9A19103F-16F7-4668-BE54-9A1E7A4F7556}") = "StackSum", "StackSum\StackSum.csproj", "{116ED826-8EB6-44F1-BC2C-AE77054D5C86}"
EndProject
Project("{9A19103F-16F7-4668-BE54-9A1E7A4F7556}") = "TraficJamQueue", "TraficJamQueue\TraficJamQueue.csproj", "{BA7469FC-5B96-49D2-AEF7-6F8FD261B90E}"
EndProject
Project("{9A19103F-16F7-4668-BE54-9A1E7A4F7556}") = "TruckTour", "TruckTour\TruckTour.csproj", "{9CE2AEB5-302E-4CF5-B009-D15495F89F7D}"
EndProject
Project("{2150E333-8FDC-42A3-9474-1A3956D46DE8}") = "Multidimentional Arrays", "Multidimentional Arrays", "{75FE1863-5EC4-40C3-9C1E-D00123FF83DB}"
EndProject
Project("{2150E333-8FDC-42A3-9474-1A3956D46DE8}") = "StacksAndQueues", "StacksAndQueues", "{D196FB75-FADF-4CD6-862E-9A6FC221DC7B}"
EndProject
Project("{9A19103F-16F7-4668-BE54-9A1E7A4F7556}") = "1. Sum Matrix Elements", "1. Sum Matrix Elements\1. Sum Matrix Elements.csproj", "{28C826DC-3FC1-4DB3-86BD-6DD5D9B81B9C}"
EndProject
Project("{9A19103F-16F7-4668-BE54-9A1E7A4F7556}") = "2. Sum Matrix Columns", "2. Sum Matrix Columns\2. Sum Matrix Columns.csproj", "{ADCA0829-84BB-42CC-B60F-5AF91187C36F}"
EndProject
Project("{9A19103F-16F7-4668-BE54-9A1E7A4F7556}") = "3. Primary Diagonal", "3. Primary Diagonal\3. Primary Diagonal.csproj", "{CF72E113-0CC5-4FDB-9601-B4E123EFAA0D}"
EndProject
Project("{9A19103F-16F7-4668-BE54-9A1E7A4F7556}") = "4. Symbol in Matrix", "4. Symbol in Matrix\4. Symbol in Matrix.csproj", "{61996F88-3669-4542-AC5F-D9CB422ED918}"
EndProject
Project("{9A19103F-16F7-4668-BE54-9A1E7A4F7556}") = "5. Square With Maximum Sum", "5. Square With Maximum Sum\5. Square With Maximum Sum.csproj", "{D91EE9D8-79A8-4ADB-B003-73DBE6B98C64}"
EndProject
Project("{9A19103F-16F7-4668-BE54-9A1E7A4F7556}") = "6. Jagged-Array Modification", "6. Jagged-Array Modification\6. Jagged-Array Modification.csproj", "{E96CEABF-AEE5-4387-A880-F75816A6541B}"
EndProject
Project("{9A19103F-16F7-4668-BE54-9A1E7A4F7556}") = "7. Pascal Triangle", "7. Pascal Triangle\7. Pascal Triangle.csproj", "{543FF756-6CCB-4452-B287-C7788164BFBD}"
EndProject
Project("{2150E333-8FDC-42A3-9474-1A3956D46DE8}") = "Multidimentional Arrays Exercices", "Multidimentional Arrays Exercices", "{B70E3DFB-957E-48AA-91DA-CDCB6B0F5E5E}"
EndProject
Project("{9A19103F-16F7-4668-BE54-9A1E7A4F7556}") = "1.Diagonal Difference", "1.Diagonal Difference\1.Diagonal Difference.csproj", "{F03DF7FA-ED3C-4BC9-8D7A-9A05D7B437E6}"
EndProject
Project("{9A19103F-16F7-4668-BE54-9A1E7A4F7556}") = "2. Squares in Matrix", "2. Squares in Matrix\2. Squares in Matrix.csproj", "{B52B252D-9ED0-4387-AE01-9B93F66EF665}"
EndProject
Project("{9A19103F-16F7-4668-BE54-9A1E7A4F7556}") = "3. Maximal Sum", "3. Maximal Sum\3. Maximal Sum.csproj", "{FB2E6E4B-3338-4793-B2E3-B9C2DA24D539}"
EndProject
Project("{9A19103F-16F7-4668-BE54-9A1E7A4F7556}") = "4. Matrix Shuffling", "4. Matrix Shuffling\4. Matrix Shuffling.csproj", "{DC6CEF6C-7D4A-4892-A9B6-B0504FD5C4FA}"
EndProject
Project("{9A19103F-16F7-4668-BE54-9A1E7A4F7556}") = "5. Snake Moves", "5. Snake Moves\5. Snake Moves.csproj", "{17A9D91F-9743-43EB-B02D-6CCFA3756F2E}"
EndProject
Project("{9A19103F-16F7-4668-BE54-9A1E7A4F7556}") = "6. Jagged Array Manipulator", "6. Jagged Array Manipulator\6. Jagged Array Manipulator.csproj", "{D2204167-2C37-4820-811B-81BB0E93EF01}"
EndProject
Project("{9A19103F-16F7-4668-BE54-9A1E7A4F7556}") = "7. Knight Game", "7. Knight Game\7. Knight Game.csproj", "{D20D1888-6241-4148-B3D8-653EC54134F6}"
EndProject
Project("{2150E333-8FDC-42A3-9474-1A3956D46DE8}") = "Sets And Dictionaries", "Sets And Dictionaries", "{BC4C975B-0230-4736-B0B8-81511ECD5B8E}"
EndProject
Project("{FAE04EC0-301F-11D3-BF4B-00C04F79EFBC}") = "CountSameValuesinArray", "Sets and Dictionaries\CountSameValuesinArray.csproj", "{B9420AED-F70A-4CEF-B3FA-93256828D001}"
EndProject
Project("{FAE04EC0-301F-11D3-BF4B-00C04F79EFBC}") = "Largest3Numbers", "Largest3Numbers\Largest3Numbers.csproj", "{9D48042E-9BA9-4A82-98CB-E2F1CC6FA0C6}"
EndProject
Project("{FAE04EC0-301F-11D3-BF4B-00C04F79EFBC}") = "AverageStudentGrade", "AverageStudentGrade\AverageStudentGrade.csproj", "{B6B2FC56-2A41-476F-89F5-9BFA2067D40B}"
EndProject
Project("{FAE04EC0-301F-11D3-BF4B-00C04F79EFBC}") = "Product Shop", "Product Shop\Product Shop.csproj", "{4B5EF9E1-CE9E-4BB4-88B2-DCADB633FB5D}"
EndProject
Global
	GlobalSection(SolutionConfigurationPlatforms) = preSolution
		Debug|Any CPU = Debug|Any CPU
		Release|Any CPU = Release|Any CPU
	EndGlobalSection
	GlobalSection(ProjectConfigurationPlatforms) = postSolution
		{6F81CADC-4CA6-4232-9239-7395FA1203C6}.Debug|Any CPU.ActiveCfg = Debug|Any CPU
		{6F81CADC-4CA6-4232-9239-7395FA1203C6}.Debug|Any CPU.Build.0 = Debug|Any CPU
		{6F81CADC-4CA6-4232-9239-7395FA1203C6}.Release|Any CPU.ActiveCfg = Release|Any CPU
		{6F81CADC-4CA6-4232-9239-7395FA1203C6}.Release|Any CPU.Build.0 = Release|Any CPU
		{DDB8DE83-F4A9-493C-B51D-1D586A7C2160}.Debug|Any CPU.ActiveCfg = Debug|Any CPU
		{DDB8DE83-F4A9-493C-B51D-1D586A7C2160}.Debug|Any CPU.Build.0 = Debug|Any CPU
		{DDB8DE83-F4A9-493C-B51D-1D586A7C2160}.Release|Any CPU.ActiveCfg = Release|Any CPU
		{DDB8DE83-F4A9-493C-B51D-1D586A7C2160}.Release|Any CPU.Build.0 = Release|Any CPU
		{89CD1D9D-24BD-4C18-A00B-B1F9C68DF078}.Debug|Any CPU.ActiveCfg = Debug|Any CPU
		{89CD1D9D-24BD-4C18-A00B-B1F9C68DF078}.Debug|Any CPU.Build.0 = Debug|Any CPU
		{89CD1D9D-24BD-4C18-A00B-B1F9C68DF078}.Release|Any CPU.ActiveCfg = Release|Any CPU
		{89CD1D9D-24BD-4C18-A00B-B1F9C68DF078}.Release|Any CPU.Build.0 = Release|Any CPU
		{13F7BF8F-CB97-4BFB-8323-FC306EAEA573}.Debug|Any CPU.ActiveCfg = Debug|Any CPU
		{13F7BF8F-CB97-4BFB-8323-FC306EAEA573}.Debug|Any CPU.Build.0 = Debug|Any CPU
		{13F7BF8F-CB97-4BFB-8323-FC306EAEA573}.Release|Any CPU.ActiveCfg = Release|Any CPU
		{13F7BF8F-CB97-4BFB-8323-FC306EAEA573}.Release|Any CPU.Build.0 = Release|Any CPU
		{8379C166-6A2D-4391-9471-32603206F72B}.Debug|Any CPU.ActiveCfg = Debug|Any CPU
		{8379C166-6A2D-4391-9471-32603206F72B}.Debug|Any CPU.Build.0 = Debug|Any CPU
		{8379C166-6A2D-4391-9471-32603206F72B}.Release|Any CPU.ActiveCfg = Release|Any CPU
		{8379C166-6A2D-4391-9471-32603206F72B}.Release|Any CPU.Build.0 = Release|Any CPU
		{00DBAB41-44F6-40CC-ABD6-0ACD774B1B28}.Debug|Any CPU.ActiveCfg = Debug|Any CPU
		{00DBAB41-44F6-40CC-ABD6-0ACD774B1B28}.Debug|Any CPU.Build.0 = Debug|Any CPU
		{00DBAB41-44F6-40CC-ABD6-0ACD774B1B28}.Release|Any CPU.ActiveCfg = Release|Any CPU
		{00DBAB41-44F6-40CC-ABD6-0ACD774B1B28}.Release|Any CPU.Build.0 = Release|Any CPU
		{40429DA8-2167-402A-9B86-CC7B5D92C895}.Debug|Any CPU.ActiveCfg = Debug|Any CPU
		{40429DA8-2167-402A-9B86-CC7B5D92C895}.Debug|Any CPU.Build.0 = Debug|Any CPU
		{40429DA8-2167-402A-9B86-CC7B5D92C895}.Release|Any CPU.ActiveCfg = Release|Any CPU
		{40429DA8-2167-402A-9B86-CC7B5D92C895}.Release|Any CPU.Build.0 = Release|Any CPU
		{EF390BC6-ADDF-452D-9645-F0371546C81D}.Debug|Any CPU.ActiveCfg = Debug|Any CPU
		{EF390BC6-ADDF-452D-9645-F0371546C81D}.Debug|Any CPU.Build.0 = Debug|Any CPU
		{EF390BC6-ADDF-452D-9645-F0371546C81D}.Release|Any CPU.ActiveCfg = Release|Any CPU
		{EF390BC6-ADDF-452D-9645-F0371546C81D}.Release|Any CPU.Build.0 = Release|Any CPU
		{E9D8A17B-A6D7-43C4-AA52-AECA454DBB2D}.Debug|Any CPU.ActiveCfg = Debug|Any CPU
		{E9D8A17B-A6D7-43C4-AA52-AECA454DBB2D}.Debug|Any CPU.Build.0 = Debug|Any CPU
		{E9D8A17B-A6D7-43C4-AA52-AECA454DBB2D}.Release|Any CPU.ActiveCfg = Release|Any CPU
		{E9D8A17B-A6D7-43C4-AA52-AECA454DBB2D}.Release|Any CPU.Build.0 = Release|Any CPU
		{4AE37877-0166-4047-9292-3F3981DBC79E}.Debug|Any CPU.ActiveCfg = Debug|Any CPU
		{4AE37877-0166-4047-9292-3F3981DBC79E}.Debug|Any CPU.Build.0 = Debug|Any CPU
		{4AE37877-0166-4047-9292-3F3981DBC79E}.Release|Any CPU.ActiveCfg = Release|Any CPU
		{4AE37877-0166-4047-9292-3F3981DBC79E}.Release|Any CPU.Build.0 = Release|Any CPU
		{E3F75247-CF78-41EF-8821-A0EA541ACF78}.Debug|Any CPU.ActiveCfg = Debug|Any CPU
		{E3F75247-CF78-41EF-8821-A0EA541ACF78}.Debug|Any CPU.Build.0 = Debug|Any CPU
		{E3F75247-CF78-41EF-8821-A0EA541ACF78}.Release|Any CPU.ActiveCfg = Release|Any CPU
		{E3F75247-CF78-41EF-8821-A0EA541ACF78}.Release|Any CPU.Build.0 = Release|Any CPU
		{116ED826-8EB6-44F1-BC2C-AE77054D5C86}.Debug|Any CPU.ActiveCfg = Debug|Any CPU
		{116ED826-8EB6-44F1-BC2C-AE77054D5C86}.Debug|Any CPU.Build.0 = Debug|Any CPU
		{116ED826-8EB6-44F1-BC2C-AE77054D5C86}.Release|Any CPU.ActiveCfg = Release|Any CPU
		{116ED826-8EB6-44F1-BC2C-AE77054D5C86}.Release|Any CPU.Build.0 = Release|Any CPU
		{BA7469FC-5B96-49D2-AEF7-6F8FD261B90E}.Debug|Any CPU.ActiveCfg = Debug|Any CPU
		{BA7469FC-5B96-49D2-AEF7-6F8FD261B90E}.Debug|Any CPU.Build.0 = Debug|Any CPU
		{BA7469FC-5B96-49D2-AEF7-6F8FD261B90E}.Release|Any CPU.ActiveCfg = Release|Any CPU
		{BA7469FC-5B96-49D2-AEF7-6F8FD261B90E}.Release|Any CPU.Build.0 = Release|Any CPU
		{9CE2AEB5-302E-4CF5-B009-D15495F89F7D}.Debug|Any CPU.ActiveCfg = Debug|Any CPU
		{9CE2AEB5-302E-4CF5-B009-D15495F89F7D}.Debug|Any CPU.Build.0 = Debug|Any CPU
		{9CE2AEB5-302E-4CF5-B009-D15495F89F7D}.Release|Any CPU.ActiveCfg = Release|Any CPU
		{9CE2AEB5-302E-4CF5-B009-D15495F89F7D}.Release|Any CPU.Build.0 = Release|Any CPU
		{28C826DC-3FC1-4DB3-86BD-6DD5D9B81B9C}.Debug|Any CPU.ActiveCfg = Debug|Any CPU
		{28C826DC-3FC1-4DB3-86BD-6DD5D9B81B9C}.Debug|Any CPU.Build.0 = Debug|Any CPU
		{28C826DC-3FC1-4DB3-86BD-6DD5D9B81B9C}.Release|Any CPU.ActiveCfg = Release|Any CPU
		{28C826DC-3FC1-4DB3-86BD-6DD5D9B81B9C}.Release|Any CPU.Build.0 = Release|Any CPU
		{ADCA0829-84BB-42CC-B60F-5AF91187C36F}.Debug|Any CPU.ActiveCfg = Debug|Any CPU
		{ADCA0829-84BB-42CC-B60F-5AF91187C36F}.Debug|Any CPU.Build.0 = Debug|Any CPU
		{ADCA0829-84BB-42CC-B60F-5AF91187C36F}.Release|Any CPU.ActiveCfg = Release|Any CPU
		{ADCA0829-84BB-42CC-B60F-5AF91187C36F}.Release|Any CPU.Build.0 = Release|Any CPU
		{CF72E113-0CC5-4FDB-9601-B4E123EFAA0D}.Debug|Any CPU.ActiveCfg = Debug|Any CPU
		{CF72E113-0CC5-4FDB-9601-B4E123EFAA0D}.Debug|Any CPU.Build.0 = Debug|Any CPU
		{CF72E113-0CC5-4FDB-9601-B4E123EFAA0D}.Release|Any CPU.ActiveCfg = Release|Any CPU
		{CF72E113-0CC5-4FDB-9601-B4E123EFAA0D}.Release|Any CPU.Build.0 = Release|Any CPU
		{61996F88-3669-4542-AC5F-D9CB422ED918}.Debug|Any CPU.ActiveCfg = Debug|Any CPU
		{61996F88-3669-4542-AC5F-D9CB422ED918}.Debug|Any CPU.Build.0 = Debug|Any CPU
		{61996F88-3669-4542-AC5F-D9CB422ED918}.Release|Any CPU.ActiveCfg = Release|Any CPU
		{61996F88-3669-4542-AC5F-D9CB422ED918}.Release|Any CPU.Build.0 = Release|Any CPU
		{D91EE9D8-79A8-4ADB-B003-73DBE6B98C64}.Debug|Any CPU.ActiveCfg = Debug|Any CPU
		{D91EE9D8-79A8-4ADB-B003-73DBE6B98C64}.Debug|Any CPU.Build.0 = Debug|Any CPU
		{D91EE9D8-79A8-4ADB-B003-73DBE6B98C64}.Release|Any CPU.ActiveCfg = Release|Any CPU
		{D91EE9D8-79A8-4ADB-B003-73DBE6B98C64}.Release|Any CPU.Build.0 = Release|Any CPU
		{E96CEABF-AEE5-4387-A880-F75816A6541B}.Debug|Any CPU.ActiveCfg = Debug|Any CPU
		{E96CEABF-AEE5-4387-A880-F75816A6541B}.Debug|Any CPU.Build.0 = Debug|Any CPU
		{E96CEABF-AEE5-4387-A880-F75816A6541B}.Release|Any CPU.ActiveCfg = Release|Any CPU
		{E96CEABF-AEE5-4387-A880-F75816A6541B}.Release|Any CPU.Build.0 = Release|Any CPU
		{543FF756-6CCB-4452-B287-C7788164BFBD}.Debug|Any CPU.ActiveCfg = Debug|Any CPU
		{543FF756-6CCB-4452-B287-C7788164BFBD}.Debug|Any CPU.Build.0 = Debug|Any CPU
		{543FF756-6CCB-4452-B287-C7788164BFBD}.Release|Any CPU.ActiveCfg = Release|Any CPU
		{543FF756-6CCB-4452-B287-C7788164BFBD}.Release|Any CPU.Build.0 = Release|Any CPU
		{F03DF7FA-ED3C-4BC9-8D7A-9A05D7B437E6}.Debug|Any CPU.ActiveCfg = Debug|Any CPU
		{F03DF7FA-ED3C-4BC9-8D7A-9A05D7B437E6}.Debug|Any CPU.Build.0 = Debug|Any CPU
		{F03DF7FA-ED3C-4BC9-8D7A-9A05D7B437E6}.Release|Any CPU.ActiveCfg = Release|Any CPU
		{F03DF7FA-ED3C-4BC9-8D7A-9A05D7B437E6}.Release|Any CPU.Build.0 = Release|Any CPU
		{B52B252D-9ED0-4387-AE01-9B93F66EF665}.Debug|Any CPU.ActiveCfg = Debug|Any CPU
		{B52B252D-9ED0-4387-AE01-9B93F66EF665}.Debug|Any CPU.Build.0 = Debug|Any CPU
		{B52B252D-9ED0-4387-AE01-9B93F66EF665}.Release|Any CPU.ActiveCfg = Release|Any CPU
		{B52B252D-9ED0-4387-AE01-9B93F66EF665}.Release|Any CPU.Build.0 = Release|Any CPU
		{FB2E6E4B-3338-4793-B2E3-B9C2DA24D539}.Debug|Any CPU.ActiveCfg = Debug|Any CPU
		{FB2E6E4B-3338-4793-B2E3-B9C2DA24D539}.Debug|Any CPU.Build.0 = Debug|Any CPU
		{FB2E6E4B-3338-4793-B2E3-B9C2DA24D539}.Release|Any CPU.ActiveCfg = Release|Any CPU
		{FB2E6E4B-3338-4793-B2E3-B9C2DA24D539}.Release|Any CPU.Build.0 = Release|Any CPU
		{DC6CEF6C-7D4A-4892-A9B6-B0504FD5C4FA}.Debug|Any CPU.ActiveCfg = Debug|Any CPU
		{DC6CEF6C-7D4A-4892-A9B6-B0504FD5C4FA}.Debug|Any CPU.Build.0 = Debug|Any CPU
		{DC6CEF6C-7D4A-4892-A9B6-B0504FD5C4FA}.Release|Any CPU.ActiveCfg = Release|Any CPU
		{DC6CEF6C-7D4A-4892-A9B6-B0504FD5C4FA}.Release|Any CPU.Build.0 = Release|Any CPU
		{17A9D91F-9743-43EB-B02D-6CCFA3756F2E}.Debug|Any CPU.ActiveCfg = Debug|Any CPU
		{17A9D91F-9743-43EB-B02D-6CCFA3756F2E}.Debug|Any CPU.Build.0 = Debug|Any CPU
		{17A9D91F-9743-43EB-B02D-6CCFA3756F2E}.Release|Any CPU.ActiveCfg = Release|Any CPU
		{17A9D91F-9743-43EB-B02D-6CCFA3756F2E}.Release|Any CPU.Build.0 = Release|Any CPU
		{D2204167-2C37-4820-811B-81BB0E93EF01}.Debug|Any CPU.ActiveCfg = Debug|Any CPU
		{D2204167-2C37-4820-811B-81BB0E93EF01}.Debug|Any CPU.Build.0 = Debug|Any CPU
		{D2204167-2C37-4820-811B-81BB0E93EF01}.Release|Any CPU.ActiveCfg = Release|Any CPU
		{D2204167-2C37-4820-811B-81BB0E93EF01}.Release|Any CPU.Build.0 = Release|Any CPU
		{D20D1888-6241-4148-B3D8-653EC54134F6}.Debug|Any CPU.ActiveCfg = Debug|Any CPU
		{D20D1888-6241-4148-B3D8-653EC54134F6}.Debug|Any CPU.Build.0 = Debug|Any CPU
		{D20D1888-6241-4148-B3D8-653EC54134F6}.Release|Any CPU.ActiveCfg = Release|Any CPU
		{D20D1888-6241-4148-B3D8-653EC54134F6}.Release|Any CPU.Build.0 = Release|Any CPU
		{B9420AED-F70A-4CEF-B3FA-93256828D001}.Debug|Any CPU.ActiveCfg = Debug|Any CPU
		{B9420AED-F70A-4CEF-B3FA-93256828D001}.Debug|Any CPU.Build.0 = Debug|Any CPU
		{B9420AED-F70A-4CEF-B3FA-93256828D001}.Release|Any CPU.ActiveCfg = Release|Any CPU
		{B9420AED-F70A-4CEF-B3FA-93256828D001}.Release|Any CPU.Build.0 = Release|Any CPU
		{9D48042E-9BA9-4A82-98CB-E2F1CC6FA0C6}.Debug|Any CPU.ActiveCfg = Debug|Any CPU
		{9D48042E-9BA9-4A82-98CB-E2F1CC6FA0C6}.Debug|Any CPU.Build.0 = Debug|Any CPU
		{9D48042E-9BA9-4A82-98CB-E2F1CC6FA0C6}.Release|Any CPU.ActiveCfg = Release|Any CPU
		{9D48042E-9BA9-4A82-98CB-E2F1CC6FA0C6}.Release|Any CPU.Build.0 = Release|Any CPU
		{B6B2FC56-2A41-476F-89F5-9BFA2067D40B}.Debug|Any CPU.ActiveCfg = Debug|Any CPU
		{B6B2FC56-2A41-476F-89F5-9BFA2067D40B}.Debug|Any CPU.Build.0 = Debug|Any CPU
		{B6B2FC56-2A41-476F-89F5-9BFA2067D40B}.Release|Any CPU.ActiveCfg = Release|Any CPU
		{B6B2FC56-2A41-476F-89F5-9BFA2067D40B}.Release|Any CPU.Build.0 = Release|Any CPU
		{4B5EF9E1-CE9E-4BB4-88B2-DCADB633FB5D}.Debug|Any CPU.ActiveCfg = Debug|Any CPU
		{4B5EF9E1-CE9E-4BB4-88B2-DCADB633FB5D}.Debug|Any CPU.Build.0 = Debug|Any CPU
		{4B5EF9E1-CE9E-4BB4-88B2-DCADB633FB5D}.Release|Any CPU.ActiveCfg = Release|Any CPU
		{4B5EF9E1-CE9E-4BB4-88B2-DCADB633FB5D}.Release|Any CPU.Build.0 = Release|Any CPU
	EndGlobalSection
	GlobalSection(SolutionProperties) = preSolution
		HideSolutionNode = FALSE
	EndGlobalSection
	GlobalSection(NestedProjects) = preSolution
		{6F81CADC-4CA6-4232-9239-7395FA1203C6} = {D196FB75-FADF-4CD6-862E-9A6FC221DC7B}
		{DDB8DE83-F4A9-493C-B51D-1D586A7C2160} = {D196FB75-FADF-4CD6-862E-9A6FC221DC7B}
		{89CD1D9D-24BD-4C18-A00B-B1F9C68DF078} = {D196FB75-FADF-4CD6-862E-9A6FC221DC7B}
		{13F7BF8F-CB97-4BFB-8323-FC306EAEA573} = {D196FB75-FADF-4CD6-862E-9A6FC221DC7B}
		{8379C166-6A2D-4391-9471-32603206F72B} = {D196FB75-FADF-4CD6-862E-9A6FC221DC7B}
		{00DBAB41-44F6-40CC-ABD6-0ACD774B1B28} = {D196FB75-FADF-4CD6-862E-9A6FC221DC7B}
		{40429DA8-2167-402A-9B86-CC7B5D92C895} = {D196FB75-FADF-4CD6-862E-9A6FC221DC7B}
		{EF390BC6-ADDF-452D-9645-F0371546C81D} = {D196FB75-FADF-4CD6-862E-9A6FC221DC7B}
		{E9D8A17B-A6D7-43C4-AA52-AECA454DBB2D} = {D196FB75-FADF-4CD6-862E-9A6FC221DC7B}
		{4AE37877-0166-4047-9292-3F3981DBC79E} = {D196FB75-FADF-4CD6-862E-9A6FC221DC7B}
		{E3F75247-CF78-41EF-8821-A0EA541ACF78} = {D196FB75-FADF-4CD6-862E-9A6FC221DC7B}
		{116ED826-8EB6-44F1-BC2C-AE77054D5C86} = {D196FB75-FADF-4CD6-862E-9A6FC221DC7B}
		{BA7469FC-5B96-49D2-AEF7-6F8FD261B90E} = {D196FB75-FADF-4CD6-862E-9A6FC221DC7B}
		{9CE2AEB5-302E-4CF5-B009-D15495F89F7D} = {D196FB75-FADF-4CD6-862E-9A6FC221DC7B}
		{28C826DC-3FC1-4DB3-86BD-6DD5D9B81B9C} = {75FE1863-5EC4-40C3-9C1E-D00123FF83DB}
		{ADCA0829-84BB-42CC-B60F-5AF91187C36F} = {75FE1863-5EC4-40C3-9C1E-D00123FF83DB}
		{CF72E113-0CC5-4FDB-9601-B4E123EFAA0D} = {75FE1863-5EC4-40C3-9C1E-D00123FF83DB}
		{61996F88-3669-4542-AC5F-D9CB422ED918} = {75FE1863-5EC4-40C3-9C1E-D00123FF83DB}
		{D91EE9D8-79A8-4ADB-B003-73DBE6B98C64} = {75FE1863-5EC4-40C3-9C1E-D00123FF83DB}
		{E96CEABF-AEE5-4387-A880-F75816A6541B} = {75FE1863-5EC4-40C3-9C1E-D00123FF83DB}
		{543FF756-6CCB-4452-B287-C7788164BFBD} = {75FE1863-5EC4-40C3-9C1E-D00123FF83DB}
		{F03DF7FA-ED3C-4BC9-8D7A-9A05D7B437E6} = {B70E3DFB-957E-48AA-91DA-CDCB6B0F5E5E}
		{B52B252D-9ED0-4387-AE01-9B93F66EF665} = {B70E3DFB-957E-48AA-91DA-CDCB6B0F5E5E}
		{FB2E6E4B-3338-4793-B2E3-B9C2DA24D539} = {B70E3DFB-957E-48AA-91DA-CDCB6B0F5E5E}
		{DC6CEF6C-7D4A-4892-A9B6-B0504FD5C4FA} = {B70E3DFB-957E-48AA-91DA-CDCB6B0F5E5E}
		{17A9D91F-9743-43EB-B02D-6CCFA3756F2E} = {B70E3DFB-957E-48AA-91DA-CDCB6B0F5E5E}
		{D2204167-2C37-4820-811B-81BB0E93EF01} = {B70E3DFB-957E-48AA-91DA-CDCB6B0F5E5E}
		{D20D1888-6241-4148-B3D8-653EC54134F6} = {B70E3DFB-957E-48AA-91DA-CDCB6B0F5E5E}
		{B9420AED-F70A-4CEF-B3FA-93256828D001} = {BC4C975B-0230-4736-B0B8-81511ECD5B8E}
		{9D48042E-9BA9-4A82-98CB-E2F1CC6FA0C6} = {BC4C975B-0230-4736-B0B8-81511ECD5B8E}
		{B6B2FC56-2A41-476F-89F5-9BFA2067D40B} = {BC4C975B-0230-4736-B0B8-81511ECD5B8E}
		{4B5EF9E1-CE9E-4BB4-88B2-DCADB633FB5D} = {BC4C975B-0230-4736-B0B8-81511ECD5B8E}
	EndGlobalSection
	GlobalSection(ExtensibilityGlobals) = postSolution
		SolutionGuid = {467E9198-F9C3-467E-AA7C-7BC4F484590C}
	EndGlobalSection
EndGlobal
