
Microsoft Visual Studio Solution File, Format Version 12.00
# Visual Studio Version 17
VisualStudioVersion = 17.2.32505.173
MinimumVisualStudioVersion = 10.0.40219.1
Project("{9A19103F-16F7-4668-BE54-9A1E7A4F7556}") = "ReverseString", "ReverseString\ReverseString.csproj", "{6F81CADC-4CA6-4232-9239-7395FA1203C6}"
EndProject
Project("{9A19103F-16F7-4668-BE54-9A1E7A4F7556}") = "SimpleCalculator", "SimpleCalculator\SimpleCalculator.csproj", "{DDB8DE83-F4A9-493C-B51D-1D586A7C2160}"
EndProject
Project("{9A19103F-16F7-4668-BE54-9A1E7A4F7556}") = "MatchingBrackets", "MatchingBrackets\MatchingBrackets.csproj", "{89CD1D9D-24BD-4C18-A00B-B1F9C68DF078}"
EndProject
Project("{9A19103F-16F7-4668-BE54-9A1E7A4F7556}") = "MaxAndMinElement", "MaxAndMinElement\MaxAndMinElement.csproj", "{13F7BF8F-CB97-4BFB-8323-FC306EAEA573}"
EndProject
Project("{9A19103F-16F7-4668-BE54-9A1E7A4F7556}") = "HotPotatoQueue", "HotPotatoQueue\HotPotatoQueue.csproj", "{8379C166-6A2D-4391-9471-32603206F72B}"
EndProject
Project("{9A19103F-16F7-4668-BE54-9A1E7A4F7556}") = "BalancedParenthesis", "BalancedParenthesis\BalancedParenthesis.csproj", "{00DBAB41-44F6-40CC-ABD6-0ACD774B1B28}"
EndProject
Project("{FAE04EC0-301F-11D3-BF4B-00C04F79EFBC}") = "BasicQueueOperations", "BasicQueueOperations\BasicQueueOperations.csproj", "{40429DA8-2167-402A-9B86-CC7B5D92C895}"
EndProject
Global
	GlobalSection(SolutionConfigurationPlatforms) = preSolution
		Debug|Any CPU = Debug|Any CPU
		Release|Any CPU = Release|Any CPU
	EndGlobalSection
	GlobalSection(ProjectConfigurationPlatforms) = postSolution
		{6F81CADC-4CA6-4232-9239-7395FA1203C6}.Debug|Any CPU.ActiveCfg = Debug|Any CPU
		{6F81CADC-4CA6-4232-9239-7395FA1203C6}.Debug|Any CPU.Build.0 = Debug|Any CPU
		{6F81CADC-4CA6-4232-9239-7395FA1203C6}.Release|Any CPU.ActiveCfg = Release|Any CPU
		{6F81CADC-4CA6-4232-9239-7395FA1203C6}.Release|Any CPU.Build.0 = Release|Any CPU
		{DDB8DE83-F4A9-493C-B51D-1D586A7C2160}.Debug|Any CPU.ActiveCfg = Debug|Any CPU
		{DDB8DE83-F4A9-493C-B51D-1D586A7C2160}.Debug|Any CPU.Build.0 = Debug|Any CPU
		{DDB8DE83-F4A9-493C-B51D-1D586A7C2160}.Release|Any CPU.ActiveCfg = Release|Any CPU
		{DDB8DE83-F4A9-493C-B51D-1D586A7C2160}.Release|Any CPU.Build.0 = Release|Any CPU
		{89CD1D9D-24BD-4C18-A00B-B1F9C68DF078}.Debug|Any CPU.ActiveCfg = Debug|Any CPU
		{89CD1D9D-24BD-4C18-A00B-B1F9C68DF078}.Debug|Any CPU.Build.0 = Debug|Any CPU
		{89CD1D9D-24BD-4C18-A00B-B1F9C68DF078}.Release|Any CPU.ActiveCfg = Release|Any CPU
		{89CD1D9D-24BD-4C18-A00B-B1F9C68DF078}.Release|Any CPU.Build.0 = Release|Any CPU
		{13F7BF8F-CB97-4BFB-8323-FC306EAEA573}.Debug|Any CPU.ActiveCfg = Debug|Any CPU
		{13F7BF8F-CB97-4BFB-8323-FC306EAEA573}.Debug|Any CPU.Build.0 = Debug|Any CPU
		{13F7BF8F-CB97-4BFB-8323-FC306EAEA573}.Release|Any CPU.ActiveCfg = Release|Any CPU
		{13F7BF8F-CB97-4BFB-8323-FC306EAEA573}.Release|Any CPU.Build.0 = Release|Any CPU
		{8379C166-6A2D-4391-9471-32603206F72B}.Debug|Any CPU.ActiveCfg = Debug|Any CPU
		{8379C166-6A2D-4391-9471-32603206F72B}.Debug|Any CPU.Build.0 = Debug|Any CPU
		{8379C166-6A2D-4391-9471-32603206F72B}.Release|Any CPU.ActiveCfg = Release|Any CPU
		{8379C166-6A2D-4391-9471-32603206F72B}.Release|Any CPU.Build.0 = Release|Any CPU
		{00DBAB41-44F6-40CC-ABD6-0ACD774B1B28}.Debug|Any CPU.ActiveCfg = Debug|Any CPU
		{00DBAB41-44F6-40CC-ABD6-0ACD774B1B28}.Debug|Any CPU.Build.0 = Debug|Any CPU
		{00DBAB41-44F6-40CC-ABD6-0ACD774B1B28}.Release|Any CPU.ActiveCfg = Release|Any CPU
		{00DBAB41-44F6-40CC-ABD6-0ACD774B1B28}.Release|Any CPU.Build.0 = Release|Any CPU
		{40429DA8-2167-402A-9B86-CC7B5D92C895}.Debug|Any CPU.ActiveCfg = Debug|Any CPU
		{40429DA8-2167-402A-9B86-CC7B5D92C895}.Debug|Any CPU.Build.0 = Debug|Any CPU
		{40429DA8-2167-402A-9B86-CC7B5D92C895}.Release|Any CPU.ActiveCfg = Release|Any CPU
		{40429DA8-2167-402A-9B86-CC7B5D92C895}.Release|Any CPU.Build.0 = Release|Any CPU
	EndGlobalSection
	GlobalSection(SolutionProperties) = preSolution
		HideSolutionNode = FALSE
	EndGlobalSection
	GlobalSection(ExtensibilityGlobals) = postSolution
		SolutionGuid = {467E9198-F9C3-467E-AA7C-7BC4F484590C}
	EndGlobalSection
EndGlobal
